
Microsoft Visual Studio Solution File, Format Version 12.00
# Visual Studio Version 16
VisualStudioVersion = 16.0.29411.108
MinimumVisualStudioVersion = 10.0.40219.1
Project("{9A19103F-16F7-4668-BE54-9A1E7A4F7556}") = "engener", "engener\engener.csproj", "{8E760921-DF86-4900-80CA-36EA6D03526C}"
EndProject
Global
	GlobalSection(SolutionConfigurationPlatforms) = preSolution
		Debug|Any CPU = Debug|Any CPU
		Release|Any CPU = Release|Any CPU
	EndGlobalSection
	GlobalSection(ProjectConfigurationPlatforms) = postSolution
		{8E760921-DF86-4900-80CA-36EA6D03526C}.Debug|Any CPU.ActiveCfg = Debug|Any CPU
		{8E760921-DF86-4900-80CA-36EA6D03526C}.Debug|Any CPU.Build.0 = Debug|Any CPU
		{8E760921-DF86-4900-80CA-36EA6D03526C}.Release|Any CPU.ActiveCfg = Release|Any CPU
		{8E760921-DF86-4900-80CA-36EA6D03526C}.Release|Any CPU.Build.0 = Release|Any CPU
	EndGlobalSection
	GlobalSection(SolutionProperties) = preSolution
		HideSolutionNode = FALSE
	EndGlobalSection
	GlobalSection(ExtensibilityGlobals) = postSolution
		SolutionGuid = {0308F989-824B-41A6-8832-89E884AB56AB}
	EndGlobalSection
EndGlobal
